
Microsoft Visual Studio Solution File, Format Version 12.00
# Visual Studio Version 17
VisualStudioVersion = 17.5.33530.505
MinimumVisualStudioVersion = 10.0.40219.1
Project("{FAE04EC0-301F-11D3-BF4B-00C04F79EFBC}") = "StrategyPattern", "StrategyPattern\StrategyPattern.csproj", "{B8608050-E9AC-4640-9372-2B7C7237C66D}"
EndProject
Global
	GlobalSection(SolutionConfigurationPlatforms) = preSolution
		Debug|Any CPU = Debug|Any CPU
		Release|Any CPU = Release|Any CPU
	EndGlobalSection
	GlobalSection(ProjectConfigurationPlatforms) = postSolution
		{B8608050-E9AC-4640-9372-2B7C7237C66D}.Debug|Any CPU.ActiveCfg = Debug|Any CPU
		{B8608050-E9AC-4640-9372-2B7C7237C66D}.Debug|Any CPU.Build.0 = Debug|Any CPU
		{B8608050-E9AC-4640-9372-2B7C7237C66D}.Release|Any CPU.ActiveCfg = Release|Any CPU
		{B8608050-E9AC-4640-9372-2B7C7237C66D}.Release|Any CPU.Build.0 = Release|Any CPU
	EndGlobalSection
	GlobalSection(SolutionProperties) = preSolution
		HideSolutionNode = FALSE
	EndGlobalSection
	GlobalSection(ExtensibilityGlobals) = postSolution
		SolutionGuid = {CF990345-E935-4565-A50C-805AF056107A}
	EndGlobalSection
EndGlobal
